
Microsoft Visual Studio Solution File, Format Version 12.00
# Visual Studio Version 16
VisualStudioVersion = 16.0.28803.352
MinimumVisualStudioVersion = 10.0.40219.1
Project("{9A19103F-16F7-4668-BE54-9A1E7A4F7556}") = "Web", "src\Web\Web.csproj", "{4ACDA742-59BE-4EC6-A6EA-70E47303AF84}"
EndProject
Project("{9A19103F-16F7-4668-BE54-9A1E7A4F7556}") = "DataAccess", "src\DataAccess\DataAccess.csproj", "{F88C940F-AF22-4B7E-A19E-DE77B05BB4A2}"
EndProject
Project("{9A19103F-16F7-4668-BE54-9A1E7A4F7556}") = "Identity", "src\Identity\Identity.csproj", "{EFC2B752-B15F-4580-99E9-7730116C3823}"
EndProject
Project("{9A19103F-16F7-4668-BE54-9A1E7A4F7556}") = "Infrastructure", "src\Infrastructure\Infrastructure.csproj", "{0B9034E8-F080-4FA5-BD6F-39BEA063F95C}"
EndProject
Project("{9A19103F-16F7-4668-BE54-9A1E7A4F7556}") = "UnitTests", "test\UnitTests\UnitTests.csproj", "{8F07ED36-F567-4A05-AD97-926EB5F19323}"
EndProject
Project("{2150E333-8FDC-42A3-9474-1A3956D46DE8}") = "test", "test", "{DAD18327-AB3F-4AF8-BE00-A755ECA05FBD}"
EndProject
Project("{9A19103F-16F7-4668-BE54-9A1E7A4F7556}") = "TicketGeneration", "..\ticket-generation\src\TicketGeneration\TicketGeneration.csproj", "{EA7ED920-787A-45DC-BC71-56CA8D1E1C5D}"
EndProject
Project("{2150E333-8FDC-42A3-9474-1A3956D46DE8}") = "src", "src", "{320D3D28-4356-4B50-9119-3235549172DC}"
EndProject
Global
	GlobalSection(SolutionConfigurationPlatforms) = preSolution
		Debug|Any CPU = Debug|Any CPU
		Release|Any CPU = Release|Any CPU
	EndGlobalSection
	GlobalSection(ProjectConfigurationPlatforms) = postSolution
		{4ACDA742-59BE-4EC6-A6EA-70E47303AF84}.Debug|Any CPU.ActiveCfg = Debug|Any CPU
		{4ACDA742-59BE-4EC6-A6EA-70E47303AF84}.Debug|Any CPU.Build.0 = Debug|Any CPU
		{4ACDA742-59BE-4EC6-A6EA-70E47303AF84}.Release|Any CPU.ActiveCfg = Release|Any CPU
		{4ACDA742-59BE-4EC6-A6EA-70E47303AF84}.Release|Any CPU.Build.0 = Release|Any CPU
		{F88C940F-AF22-4B7E-A19E-DE77B05BB4A2}.Debug|Any CPU.ActiveCfg = Debug|Any CPU
		{F88C940F-AF22-4B7E-A19E-DE77B05BB4A2}.Debug|Any CPU.Build.0 = Debug|Any CPU
		{F88C940F-AF22-4B7E-A19E-DE77B05BB4A2}.Release|Any CPU.ActiveCfg = Release|Any CPU
		{F88C940F-AF22-4B7E-A19E-DE77B05BB4A2}.Release|Any CPU.Build.0 = Release|Any CPU
		{EFC2B752-B15F-4580-99E9-7730116C3823}.Debug|Any CPU.ActiveCfg = Debug|Any CPU
		{EFC2B752-B15F-4580-99E9-7730116C3823}.Debug|Any CPU.Build.0 = Debug|Any CPU
		{EFC2B752-B15F-4580-99E9-7730116C3823}.Release|Any CPU.ActiveCfg = Release|Any CPU
		{EFC2B752-B15F-4580-99E9-7730116C3823}.Release|Any CPU.Build.0 = Release|Any CPU
		{0B9034E8-F080-4FA5-BD6F-39BEA063F95C}.Debug|Any CPU.ActiveCfg = Debug|Any CPU
		{0B9034E8-F080-4FA5-BD6F-39BEA063F95C}.Debug|Any CPU.Build.0 = Debug|Any CPU
		{0B9034E8-F080-4FA5-BD6F-39BEA063F95C}.Release|Any CPU.ActiveCfg = Release|Any CPU
		{0B9034E8-F080-4FA5-BD6F-39BEA063F95C}.Release|Any CPU.Build.0 = Release|Any CPU
		{8F07ED36-F567-4A05-AD97-926EB5F19323}.Debug|Any CPU.ActiveCfg = Debug|Any CPU
		{8F07ED36-F567-4A05-AD97-926EB5F19323}.Debug|Any CPU.Build.0 = Debug|Any CPU
		{8F07ED36-F567-4A05-AD97-926EB5F19323}.Release|Any CPU.ActiveCfg = Release|Any CPU
		{8F07ED36-F567-4A05-AD97-926EB5F19323}.Release|Any CPU.Build.0 = Release|Any CPU
		{EA7ED920-787A-45DC-BC71-56CA8D1E1C5D}.Debug|Any CPU.ActiveCfg = Debug|Any CPU
		{EA7ED920-787A-45DC-BC71-56CA8D1E1C5D}.Debug|Any CPU.Build.0 = Debug|Any CPU
		{EA7ED920-787A-45DC-BC71-56CA8D1E1C5D}.Release|Any CPU.ActiveCfg = Release|Any CPU
		{EA7ED920-787A-45DC-BC71-56CA8D1E1C5D}.Release|Any CPU.Build.0 = Release|Any CPU
	EndGlobalSection
	GlobalSection(SolutionProperties) = preSolution
		HideSolutionNode = FALSE
	EndGlobalSection
	GlobalSection(NestedProjects) = preSolution
		{4ACDA742-59BE-4EC6-A6EA-70E47303AF84} = {320D3D28-4356-4B50-9119-3235549172DC}
		{F88C940F-AF22-4B7E-A19E-DE77B05BB4A2} = {320D3D28-4356-4B50-9119-3235549172DC}
		{EFC2B752-B15F-4580-99E9-7730116C3823} = {320D3D28-4356-4B50-9119-3235549172DC}
		{0B9034E8-F080-4FA5-BD6F-39BEA063F95C} = {320D3D28-4356-4B50-9119-3235549172DC}
		{8F07ED36-F567-4A05-AD97-926EB5F19323} = {DAD18327-AB3F-4AF8-BE00-A755ECA05FBD}
		{EA7ED920-787A-45DC-BC71-56CA8D1E1C5D} = {320D3D28-4356-4B50-9119-3235549172DC}
	EndGlobalSection
	GlobalSection(ExtensibilityGlobals) = postSolution
		SolutionGuid = {A2DA2F9F-3798-4710-8C68-63E1F837DC4C}
	EndGlobalSection
EndGlobal
